$begin 'ConnectionParameters'
	DesktopProcessID=714556
	DesktopProcessPath='C:\\Program Files\\AnsysEM\\AnsysEM21.1\\Win64\\ansysedt.exe'
	LaunchedByWB=false
	$begin 'DesktopStubBlock'
		$begin 'CommDetails'
			TransportType=1
			IPAddress='172.19.37.87'
			ListenPort='64636'
			IPAddressVector[1: '172.16.26.228']
		$end 'CommDetails'
		$begin 'Marshall'
			InstanceID=503
			ProcID=714556
			InterfaceID=1
			FactoryIntID='DesktopInterfaceForWBProxyStubFactory'
		$end 'Marshall'
	$end 'DesktopStubBlock'
	$begin 'DesktopBackgroundObjStubBlock'
		$begin 'CommDetails'
			TransportType=1
			IPAddress='172.19.37.87'
			ListenPort='64636'
			IPAddressVector[1: '172.16.26.228']
		$end 'CommDetails'
		$begin 'Marshall'
			InstanceID=505
			ProcID=714556
			InterfaceID=2
			FactoryIntID='DesktopInterfaceForWBProxyStubFactory'
		$end 'Marshall'
	$end 'DesktopBackgroundObjStubBlock'
$end 'ConnectionParameters'
